
Microsoft Visual Studio Solution File, Format Version 12.00
# Visual Studio Version 16
VisualStudioVersion = 16.0.30002.166
MinimumVisualStudioVersion = 10.0.40219.1
Project("{FAE04EC0-301F-11D3-BF4B-00C04F79EFBC}") = "SmileHotel", "SmileHotel\SmileHotel.csproj", "{96621D02-6B84-406E-BF42-C591E89C56B6}"
EndProject
Global
	GlobalSection(SolutionConfigurationPlatforms) = preSolution
		Debug|Any CPU = Debug|Any CPU
		Release|Any CPU = Release|Any CPU
	EndGlobalSection
	GlobalSection(ProjectConfigurationPlatforms) = postSolution
		{96621D02-6B84-406E-BF42-C591E89C56B6}.Debug|Any CPU.ActiveCfg = Debug|Any CPU
		{96621D02-6B84-406E-BF42-C591E89C56B6}.Debug|Any CPU.Build.0 = Debug|Any CPU
		{96621D02-6B84-406E-BF42-C591E89C56B6}.Release|Any CPU.ActiveCfg = Release|Any CPU
		{96621D02-6B84-406E-BF42-C591E89C56B6}.Release|Any CPU.Build.0 = Release|Any CPU
	EndGlobalSection
	GlobalSection(SolutionProperties) = preSolution
		HideSolutionNode = FALSE
	EndGlobalSection
	GlobalSection(ExtensibilityGlobals) = postSolution
		SolutionGuid = {CDC49F4C-C735-42A6-A79C-E6DC800324A0}
	EndGlobalSection
EndGlobal
